
Microsoft Visual Studio Solution File, Format Version 12.00
# Visual Studio Version 16
VisualStudioVersion = 16.0.34729.46
MinimumVisualStudioVersion = 10.0.40219.1
Project("{FAE04EC0-301F-11D3-BF4B-00C04F79EFBC}") = "FSDTO_v2019", "FSDTO_v2019.csproj", "{3896F18C-71F4-45C1-BC43-21DCD7D128DF}"
EndProject
Global
	GlobalSection(SolutionConfigurationPlatforms) = preSolution
		Debug|Any CPU = Debug|Any CPU
		Release|Any CPU = Release|Any CPU
	EndGlobalSection
	GlobalSection(ProjectConfigurationPlatforms) = postSolution
		{3896F18C-71F4-45C1-BC43-21DCD7D128DF}.Debug|Any CPU.ActiveCfg = Debug|Any CPU
		{3896F18C-71F4-45C1-BC43-21DCD7D128DF}.Debug|Any CPU.Build.0 = Debug|Any CPU
		{3896F18C-71F4-45C1-BC43-21DCD7D128DF}.Release|Any CPU.ActiveCfg = Release|Any CPU
		{3896F18C-71F4-45C1-BC43-21DCD7D128DF}.Release|Any CPU.Build.0 = Release|Any CPU
	EndGlobalSection
	GlobalSection(SolutionProperties) = preSolution
		HideSolutionNode = FALSE
	EndGlobalSection
	GlobalSection(ExtensibilityGlobals) = postSolution
		SolutionGuid = {857ECAD1-F2D1-41CF-A91A-065C138254D9}
	EndGlobalSection
EndGlobal
